
Microsoft Visual Studio Solution File, Format Version 12.00
# Visual Studio 2012
Project("{FAE04EC0-301F-11D3-BF4B-00C04F79EFBC}") = "stegnography_data_hiding_in_cover_images", "EmailSender\stegnography_data_hiding_in_cover_images.csproj", "{D01F3D39-38F4-43F5-9DE5-4E5088C8A370}"
EndProject
Global
	GlobalSection(SolutionConfigurationPlatforms) = preSolution
		Debug|Any CPU = Debug|Any CPU
		Release|Any CPU = Release|Any CPU
	EndGlobalSection
	GlobalSection(ProjectConfigurationPlatforms) = postSolution
		{D01F3D39-38F4-43F5-9DE5-4E5088C8A370}.Debug|Any CPU.ActiveCfg = Debug|Any CPU
		{D01F3D39-38F4-43F5-9DE5-4E5088C8A370}.Debug|Any CPU.Build.0 = Debug|Any CPU
		{D01F3D39-38F4-43F5-9DE5-4E5088C8A370}.Release|Any CPU.ActiveCfg = Release|Any CPU
		{D01F3D39-38F4-43F5-9DE5-4E5088C8A370}.Release|Any CPU.Build.0 = Release|Any CPU
	EndGlobalSection
	GlobalSection(SolutionProperties) = preSolution
		HideSolutionNode = FALSE
	EndGlobalSection
EndGlobal
